
Microsoft Visual Studio Solution File, Format Version 12.00
Project("{FAE04EC0-301F-11D3-BF4B-00C04F79EFBC}") = "A1Katarzyna_Karakow", "A1Katarzyna_Karakow\A1Katarzyna_Karakow.csproj", "{4F1151EB-481E-4C38-9C4A-BCF15A02414C}"
EndProject
Global
	GlobalSection(SolutionConfigurationPlatforms) = preSolution
		Debug|Any CPU = Debug|Any CPU
		Release|Any CPU = Release|Any CPU
	EndGlobalSection
	GlobalSection(ProjectConfigurationPlatforms) = postSolution
		{4F1151EB-481E-4C38-9C4A-BCF15A02414C}.Debug|Any CPU.ActiveCfg = Debug|Any CPU
		{4F1151EB-481E-4C38-9C4A-BCF15A02414C}.Debug|Any CPU.Build.0 = Debug|Any CPU
		{4F1151EB-481E-4C38-9C4A-BCF15A02414C}.Release|Any CPU.ActiveCfg = Release|Any CPU
		{4F1151EB-481E-4C38-9C4A-BCF15A02414C}.Release|Any CPU.Build.0 = Release|Any CPU
	EndGlobalSection
EndGlobal
